
Microsoft Visual Studio Solution File, Format Version 11.00
# Visual Studio 2010
Project("{2150E333-8FDC-42A3-9474-1A3956D46DE8}") = "SpecSvc", "SpecSvc", "{7AFE2EA5-DC1E-46A3-BC03-E84B9100987C}"
EndProject
Project("{2150E333-8FDC-42A3-9474-1A3956D46DE8}") = "Dll", "Dll", "{6C5CFB56-018D-4697-B497-4E0F7A9D5E5C}"
EndProject
Project("{FAE04EC0-301F-11D3-BF4B-00C04F79EFBC}") = "Jhu.SpecSvc.IO", "dll\Jhu.SpecSvc.IO\Jhu.SpecSvc.IO.csproj", "{7B1172A6-8121-472D-9212-9AB0C549B0A2}"
EndProject
Project("{FAE04EC0-301F-11D3-BF4B-00C04F79EFBC}") = "Jhu.SpecSvc.Schema", "dll\Jhu.SpecSvc.Schema\Jhu.SpecSvc.Schema.csproj", "{4AFBD644-DD6E-4661-A488-A0975F4AC723}"
EndProject
Project("{FAE04EC0-301F-11D3-BF4B-00C04F79EFBC}") = "Jhu.SpecSvc.Visualizer", "dll\Jhu.SpecSvc.Visualizer\Jhu.SpecSvc.Visualizer.csproj", "{F8E9DC5D-188A-4373-821E-0BE7B0CCE884}"
EndProject
Project("{FAE04EC0-301F-11D3-BF4B-00C04F79EFBC}") = "Jhu.SpecSvc.SpectrumLib", "dll\Jhu.SpecSvc.SpectrumLib\Jhu.SpecSvc.SpectrumLib.csproj", "{73D0F3D5-DB1A-48EC-BFC1-85BD7C0347BB}"
EndProject
Project("{FAE04EC0-301F-11D3-BF4B-00C04F79EFBC}") = "Jhu.SpecSvc.FilterLib", "dll\Jhu.SpecSvc.FilterLib\Jhu.SpecSvc.FilterLib.csproj", "{AB174205-D7D0-4BE6-AF11-D7BC619C054A}"
EndProject
Project("{FAE04EC0-301F-11D3-BF4B-00C04F79EFBC}") = "Jhu.SpecSvc.Pipeline", "dll\Jhu.SpecSvc.Pipeline\Jhu.SpecSvc.Pipeline.csproj", "{E3921383-6F2B-44B9-999C-B5E980A10F0D}"
EndProject
Project("{2150E333-8FDC-42A3-9474-1A3956D46DE8}") = "Web", "Web", "{16083B0C-34C6-4315-B406-B092FC31D962}"
EndProject
Project("{FAE04EC0-301F-11D3-BF4B-00C04F79EFBC}") = "Jhu.SpecSvc.Web", "web\Jhu.SpecSvc.Web\Jhu.SpecSvc.Web.csproj", "{1E99239B-8E6B-4758-9B1A-17B3D3282164}"
EndProject
Project("{2150E333-8FDC-42A3-9474-1A3956D46DE8}") = "Graywulf", "Graywulf", "{8A222BEA-3A4A-49E5-80A0-618C162BDB85}"
EndProject
Project("{2150E333-8FDC-42A3-9474-1A3956D46DE8}") = "Dll", "Dll", "{ADDC5F4C-55B9-4392-8F60-52BCCF88ADEC}"
EndProject
Project("{FAE04EC0-301F-11D3-BF4B-00C04F79EFBC}") = "Jhu.Graywulf.Web", "..\graywulf\dll\Jhu.Graywulf.Web\Jhu.Graywulf.Web.csproj", "{E9D182CF-746E-4E40-B01C-74A32FB70749}"
EndProject
Project("{2150E333-8FDC-42A3-9474-1A3956D46DE8}") = "Web", "Web", "{BBFB9E02-070E-463D-AAFE-3319A24F7EBF}"
EndProject
Project("{FAE04EC0-301F-11D3-BF4B-00C04F79EFBC}") = "Jhu.Graywulf.Web.Shared", "..\graywulf\web\Jhu.Graywulf.Web.Shared\Jhu.Graywulf.Web.Shared.csproj", "{B2060D96-81B4-4EE7-B119-A8EC38422298}"
EndProject
Project("{FAE04EC0-301F-11D3-BF4B-00C04F79EFBC}") = "Jhu.Graywulf.Web.Auth", "..\graywulf\web\Jhu.Graywulf.Web.Auth\Jhu.Graywulf.Web.Auth.csproj", "{7CB2799F-5B60-4CE9-A71F-1B3C8C868EDC}"
EndProject
Project("{2150E333-8FDC-42A3-9474-1A3956D46DE8}") = "Config", "Config", "{7D0C3971-0192-41D5-9BAD-155E0B4F7219}"
	ProjectSection(SolutionItems) = preProject
		config\configurations.xml = config\configurations.xml
	EndProjectSection
EndProject
Project("{2150E333-8FDC-42A3-9474-1A3956D46DE8}") = "Default", "Default", "{47D7A028-1739-4ABE-A45C-0E968D7BE94D}"
	ProjectSection(SolutionItems) = preProject
		config\default\activities.config = config\default\activities.config
		config\default\cluster.config = config\default\cluster.config
		config\default\connectionStrings.config = config\default\connectionStrings.config
		config\default\domain.config = config\default\domain.config
		config\default\federation.config = config\default\federation.config
		config\default\mailSettings.config = config\default\mailSettings.config
		config\default\remoteService.config = config\default\remoteService.config
		config\default\scheduler.config = config\default\scheduler.config
		config\default\web.config = config\default\web.config
	EndProjectSection
EndProject
Project("{FAE04EC0-301F-11D3-BF4B-00C04F79EFBC}") = "Jhu.Graywulf.Registry.Enum", "..\graywulf\dll\Jhu.Graywulf.Registry.Enum\Jhu.Graywulf.Registry.Enum.csproj", "{71599792-21CC-4E63-AFB5-2AFBDB3DF418}"
EndProject
Project("{FAE04EC0-301F-11D3-BF4B-00C04F79EFBC}") = "Jhu.Graywulf.Registry", "..\graywulf\dll\Jhu.Graywulf.Registry\Jhu.Graywulf.Registry.csproj", "{59BFB28B-3F97-4714-B8D7-A1B40F668831}"
EndProject
Project("{2150E333-8FDC-42A3-9474-1A3956D46DE8}") = "voservices.net", "voservices.net", "{CA015183-73FA-485F-96DF-DF6C0B72A68F}"
	ProjectSection(SolutionItems) = preProject
		config\voservices.net\activities.config = config\voservices.net\activities.config
		config\voservices.net\cluster.config = config\voservices.net\cluster.config
		config\voservices.net\connectionStrings.config = config\voservices.net\connectionStrings.config
		config\voservices.net\domain.config = config\voservices.net\domain.config
		config\voservices.net\federation.config = config\voservices.net\federation.config
		config\voservices.net\mailSettings.config = config\voservices.net\mailSettings.config
		config\voservices.net\remoteService.config = config\voservices.net\remoteService.config
		config\voservices.net\scheduler.config = config\voservices.net\scheduler.config
		config\voservices.net\web.config = config\voservices.net\web.config
	EndProjectSection
EndProject
Project("{2150E333-8FDC-42A3-9474-1A3956D46DE8}") = "dev.voservices.net", "dev.voservices.net", "{DA3A6BAC-6BB8-4CF8-B0BE-A22BA9B29789}"
	ProjectSection(SolutionItems) = preProject
		config\dev.voservices.net\activities.config = config\dev.voservices.net\activities.config
		config\dev.voservices.net\cluster.config = config\dev.voservices.net\cluster.config
		config\dev.voservices.net\connectionStrings.config = config\dev.voservices.net\connectionStrings.config
		config\dev.voservices.net\domain.config = config\dev.voservices.net\domain.config
		config\dev.voservices.net\federation.config = config\dev.voservices.net\federation.config
		config\dev.voservices.net\mailSettings.config = config\dev.voservices.net\mailSettings.config
		config\dev.voservices.net\remoteService.config = config\dev.voservices.net\remoteService.config
		config\dev.voservices.net\scheduler.config = config\dev.voservices.net\scheduler.config
		config\dev.voservices.net\web.config = config\dev.voservices.net\web.config
	EndProjectSection
EndProject
Global
	GlobalSection(SolutionConfigurationPlatforms) = preSolution
		Debug|Any CPU = Debug|Any CPU
		Release|Any CPU = Release|Any CPU
	EndGlobalSection
	GlobalSection(ProjectConfigurationPlatforms) = postSolution
		{7B1172A6-8121-472D-9212-9AB0C549B0A2}.Debug|Any CPU.ActiveCfg = Debug|Any CPU
		{7B1172A6-8121-472D-9212-9AB0C549B0A2}.Debug|Any CPU.Build.0 = Debug|Any CPU
		{7B1172A6-8121-472D-9212-9AB0C549B0A2}.Release|Any CPU.ActiveCfg = Release|Any CPU
		{7B1172A6-8121-472D-9212-9AB0C549B0A2}.Release|Any CPU.Build.0 = Release|Any CPU
		{4AFBD644-DD6E-4661-A488-A0975F4AC723}.Debug|Any CPU.ActiveCfg = Debug|Any CPU
		{4AFBD644-DD6E-4661-A488-A0975F4AC723}.Debug|Any CPU.Build.0 = Debug|Any CPU
		{4AFBD644-DD6E-4661-A488-A0975F4AC723}.Release|Any CPU.ActiveCfg = Release|Any CPU
		{4AFBD644-DD6E-4661-A488-A0975F4AC723}.Release|Any CPU.Build.0 = Release|Any CPU
		{F8E9DC5D-188A-4373-821E-0BE7B0CCE884}.Debug|Any CPU.ActiveCfg = Debug|Any CPU
		{F8E9DC5D-188A-4373-821E-0BE7B0CCE884}.Debug|Any CPU.Build.0 = Debug|Any CPU
		{F8E9DC5D-188A-4373-821E-0BE7B0CCE884}.Release|Any CPU.ActiveCfg = Release|Any CPU
		{F8E9DC5D-188A-4373-821E-0BE7B0CCE884}.Release|Any CPU.Build.0 = Release|Any CPU
		{73D0F3D5-DB1A-48EC-BFC1-85BD7C0347BB}.Debug|Any CPU.ActiveCfg = Debug|Any CPU
		{73D0F3D5-DB1A-48EC-BFC1-85BD7C0347BB}.Debug|Any CPU.Build.0 = Debug|Any CPU
		{73D0F3D5-DB1A-48EC-BFC1-85BD7C0347BB}.Release|Any CPU.ActiveCfg = Release|Any CPU
		{73D0F3D5-DB1A-48EC-BFC1-85BD7C0347BB}.Release|Any CPU.Build.0 = Release|Any CPU
		{AB174205-D7D0-4BE6-AF11-D7BC619C054A}.Debug|Any CPU.ActiveCfg = Debug|Any CPU
		{AB174205-D7D0-4BE6-AF11-D7BC619C054A}.Debug|Any CPU.Build.0 = Debug|Any CPU
		{AB174205-D7D0-4BE6-AF11-D7BC619C054A}.Release|Any CPU.ActiveCfg = Release|Any CPU
		{AB174205-D7D0-4BE6-AF11-D7BC619C054A}.Release|Any CPU.Build.0 = Release|Any CPU
		{E3921383-6F2B-44B9-999C-B5E980A10F0D}.Debug|Any CPU.ActiveCfg = Debug|Any CPU
		{E3921383-6F2B-44B9-999C-B5E980A10F0D}.Debug|Any CPU.Build.0 = Debug|Any CPU
		{E3921383-6F2B-44B9-999C-B5E980A10F0D}.Release|Any CPU.ActiveCfg = Release|Any CPU
		{E3921383-6F2B-44B9-999C-B5E980A10F0D}.Release|Any CPU.Build.0 = Release|Any CPU
		{1E99239B-8E6B-4758-9B1A-17B3D3282164}.Debug|Any CPU.ActiveCfg = Debug|Any CPU
		{1E99239B-8E6B-4758-9B1A-17B3D3282164}.Debug|Any CPU.Build.0 = Debug|Any CPU
		{1E99239B-8E6B-4758-9B1A-17B3D3282164}.Release|Any CPU.ActiveCfg = Release|Any CPU
		{1E99239B-8E6B-4758-9B1A-17B3D3282164}.Release|Any CPU.Build.0 = Release|Any CPU
		{E9D182CF-746E-4E40-B01C-74A32FB70749}.Debug|Any CPU.ActiveCfg = Debug|Any CPU
		{E9D182CF-746E-4E40-B01C-74A32FB70749}.Debug|Any CPU.Build.0 = Debug|Any CPU
		{E9D182CF-746E-4E40-B01C-74A32FB70749}.Release|Any CPU.ActiveCfg = Release|Any CPU
		{E9D182CF-746E-4E40-B01C-74A32FB70749}.Release|Any CPU.Build.0 = Release|Any CPU
		{B2060D96-81B4-4EE7-B119-A8EC38422298}.Debug|Any CPU.ActiveCfg = Debug|Any CPU
		{B2060D96-81B4-4EE7-B119-A8EC38422298}.Debug|Any CPU.Build.0 = Debug|Any CPU
		{B2060D96-81B4-4EE7-B119-A8EC38422298}.Release|Any CPU.ActiveCfg = Release|Any CPU
		{B2060D96-81B4-4EE7-B119-A8EC38422298}.Release|Any CPU.Build.0 = Release|Any CPU
		{7CB2799F-5B60-4CE9-A71F-1B3C8C868EDC}.Debug|Any CPU.ActiveCfg = Debug|Any CPU
		{7CB2799F-5B60-4CE9-A71F-1B3C8C868EDC}.Debug|Any CPU.Build.0 = Debug|Any CPU
		{7CB2799F-5B60-4CE9-A71F-1B3C8C868EDC}.Release|Any CPU.ActiveCfg = Release|Any CPU
		{7CB2799F-5B60-4CE9-A71F-1B3C8C868EDC}.Release|Any CPU.Build.0 = Release|Any CPU
		{71599792-21CC-4E63-AFB5-2AFBDB3DF418}.Debug|Any CPU.ActiveCfg = Debug|Any CPU
		{71599792-21CC-4E63-AFB5-2AFBDB3DF418}.Debug|Any CPU.Build.0 = Debug|Any CPU
		{71599792-21CC-4E63-AFB5-2AFBDB3DF418}.Release|Any CPU.ActiveCfg = Release|Any CPU
		{71599792-21CC-4E63-AFB5-2AFBDB3DF418}.Release|Any CPU.Build.0 = Release|Any CPU
		{71599792-21CC-4E63-AFB5-2AFBDB3DF418}.Release|Any CPU.Deploy.0 = Release|Any CPU
		{59BFB28B-3F97-4714-B8D7-A1B40F668831}.Debug|Any CPU.ActiveCfg = Debug|Any CPU
		{59BFB28B-3F97-4714-B8D7-A1B40F668831}.Debug|Any CPU.Build.0 = Debug|Any CPU
		{59BFB28B-3F97-4714-B8D7-A1B40F668831}.Release|Any CPU.ActiveCfg = Release|Any CPU
		{59BFB28B-3F97-4714-B8D7-A1B40F668831}.Release|Any CPU.Build.0 = Release|Any CPU
	EndGlobalSection
	GlobalSection(SolutionProperties) = preSolution
		HideSolutionNode = FALSE
	EndGlobalSection
	GlobalSection(NestedProjects) = preSolution
		{6C5CFB56-018D-4697-B497-4E0F7A9D5E5C} = {7AFE2EA5-DC1E-46A3-BC03-E84B9100987C}
		{16083B0C-34C6-4315-B406-B092FC31D962} = {7AFE2EA5-DC1E-46A3-BC03-E84B9100987C}
		{7B1172A6-8121-472D-9212-9AB0C549B0A2} = {6C5CFB56-018D-4697-B497-4E0F7A9D5E5C}
		{4AFBD644-DD6E-4661-A488-A0975F4AC723} = {6C5CFB56-018D-4697-B497-4E0F7A9D5E5C}
		{F8E9DC5D-188A-4373-821E-0BE7B0CCE884} = {6C5CFB56-018D-4697-B497-4E0F7A9D5E5C}
		{73D0F3D5-DB1A-48EC-BFC1-85BD7C0347BB} = {6C5CFB56-018D-4697-B497-4E0F7A9D5E5C}
		{AB174205-D7D0-4BE6-AF11-D7BC619C054A} = {6C5CFB56-018D-4697-B497-4E0F7A9D5E5C}
		{E3921383-6F2B-44B9-999C-B5E980A10F0D} = {6C5CFB56-018D-4697-B497-4E0F7A9D5E5C}
		{1E99239B-8E6B-4758-9B1A-17B3D3282164} = {16083B0C-34C6-4315-B406-B092FC31D962}
		{ADDC5F4C-55B9-4392-8F60-52BCCF88ADEC} = {8A222BEA-3A4A-49E5-80A0-618C162BDB85}
		{BBFB9E02-070E-463D-AAFE-3319A24F7EBF} = {8A222BEA-3A4A-49E5-80A0-618C162BDB85}
		{E9D182CF-746E-4E40-B01C-74A32FB70749} = {ADDC5F4C-55B9-4392-8F60-52BCCF88ADEC}
		{71599792-21CC-4E63-AFB5-2AFBDB3DF418} = {ADDC5F4C-55B9-4392-8F60-52BCCF88ADEC}
		{59BFB28B-3F97-4714-B8D7-A1B40F668831} = {ADDC5F4C-55B9-4392-8F60-52BCCF88ADEC}
		{B2060D96-81B4-4EE7-B119-A8EC38422298} = {BBFB9E02-070E-463D-AAFE-3319A24F7EBF}
		{7CB2799F-5B60-4CE9-A71F-1B3C8C868EDC} = {BBFB9E02-070E-463D-AAFE-3319A24F7EBF}
		{47D7A028-1739-4ABE-A45C-0E968D7BE94D} = {7D0C3971-0192-41D5-9BAD-155E0B4F7219}
		{CA015183-73FA-485F-96DF-DF6C0B72A68F} = {7D0C3971-0192-41D5-9BAD-155E0B4F7219}
		{DA3A6BAC-6BB8-4CF8-B0BE-A22BA9B29789} = {7D0C3971-0192-41D5-9BAD-155E0B4F7219}
	EndGlobalSection
EndGlobal
